// !$*UTF8*$!
{
	archiveVersion = 1;
	classes = {
	};
	objectVersion = 46;
	objects = {

/* Begin PBXBuildFile section */
		00A387168784B0E04067B80EDE530CC9 /* AppModel.swift in Sources */ = {isa = PBXBuildFile; fileRef = 39BF0BB14373BDA60DE11582C8EF88CE /* AppModel.swift */; };
		14607786ACF459EC02AA89E9F880AD56 /* CountryProfileView.swift in Sources */ = {isa = PBXBuildFile; fileRef = E1F9F2763C67F88A7FF7007882DCB883 /* CountryProfileView.swift */; };
		1F178FB32B3B18405CBE4FF9E9C19012 /* Config.plist in Resources */ = {isa = PBXBuildFile; fileRef = 75ACDD33807AE6E54A66F91A207EB285 /* Config.plist */; };
		233C9903BDF8C2AD9264C07CD61673D0 /* BrandComponents.swift in Sources */ = {isa = PBXBuildFile; fileRef = 49253C3F496D8BA24D7F9D316BDF6319 /* BrandComponents.swift */; };
		3D6710AAB535F80E38D7B4A43F495CEA /* RootView.swift in Sources */ = {isa = PBXBuildFile; fileRef = 4103ECB8AC1C8DFFCE679E7C168D9BD3 /* RootView.swift */; };
		5E1FBC583F5D74BC957944C11C7F54C3 /* DashboardView.swift in Sources */ = {isa = PBXBuildFile; fileRef = 025B9D1FB417221160613FA83E015036 /* DashboardView.swift */; };
		707F02CD3C89C6B853E3E6E016257D7C /* LoginView.swift in Sources */ = {isa = PBXBuildFile; fileRef = BBDB337E4843546E88D37A67832797F5 /* LoginView.swift */; };
		7A188D806AF1E1B89B2758FF5938A27A /* AuthSessionPresenter.swift in Sources */ = {isa = PBXBuildFile; fileRef = DB9830F513FF9F8517C3DA121197EE41 /* AuthSessionPresenter.swift */; };
		94E96D0D838D407D7AB1B1977911220E /* App.swift in Sources */ = {isa = PBXBuildFile; fileRef = FD335C6D52EFC86DB6CA9F65E89D8010 /* App.swift */; };
		A53D911CA7A697DA4D6D73C97B79ACC6 /* WeatherListView.swift in Sources */ = {isa = PBXBuildFile; fileRef = A1FFF7D243F9EDC00E6CAF0146668596 /* WeatherListView.swift */; };
		AC6902DA6CC9BC376914779C51E154A8 /* NewsListView.swift in Sources */ = {isa = PBXBuildFile; fileRef = 96EB767CA5EAFD65DEA933F29077984E /* NewsListView.swift */; };
		D5B578555497A12CC4E9A3B51929E5A8 /* ProfileView.swift in Sources */ = {isa = PBXBuildFile; fileRef = 316A93B6F24247DF833308ADB1127507 /* ProfileView.swift */; };
		E6F006A6BFDEBB8E52AF25BD8FA6F04F /* APIClient.swift in Sources */ = {isa = PBXBuildFile; fileRef = DD7E8C6F85C00A156566AD2DD0B910EC /* APIClient.swift */; };
		E835BC6EB3EBFF9535D36F9556E1D18B /* Foundation.framework in Frameworks */ = {isa = PBXBuildFile; fileRef = D5EC342EF035DC4652651B32EFA516BD /* Foundation.framework */; };
		EBDFF906C8EF7867E3B2E7752F9F49C7 /* Models.swift in Sources */ = {isa = PBXBuildFile; fileRef = 11FC85CA624E08D251EBB45FA6C43167 /* Models.swift */; };
		EF258CA8055A5119D358157A263728F7 /* Assets.xcassets in Resources */ = {isa = PBXBuildFile; fileRef = 7108DFF203A8BB40CC6916DAD2A2E3C9 /* Assets.xcassets */; };
/* End PBXBuildFile section */

/* Begin PBXFileReference section */
		025B9D1FB417221160613FA83E015036 /* DashboardView.swift */ = {isa = PBXFileReference; includeInIndex = 1; lastKnownFileType = sourcecode.swift; name = DashboardView.swift; path = Views/DashboardView.swift; sourceTree = "<group>"; };
		11FC85CA624E08D251EBB45FA6C43167 /* Models.swift */ = {isa = PBXFileReference; includeInIndex = 1; lastKnownFileType = sourcecode.swift; name = Models.swift; path = Models/Models.swift; sourceTree = "<group>"; };
		316A93B6F24247DF833308ADB1127507 /* ProfileView.swift */ = {isa = PBXFileReference; includeInIndex = 1; lastKnownFileType = sourcecode.swift; name = ProfileView.swift; path = Views/ProfileView.swift; sourceTree = "<group>"; };
		39BF0BB14373BDA60DE11582C8EF88CE /* AppModel.swift */ = {isa = PBXFileReference; includeInIndex = 1; lastKnownFileType = sourcecode.swift; path = AppModel.swift; sourceTree = "<group>"; };
		4103ECB8AC1C8DFFCE679E7C168D9BD3 /* RootView.swift */ = {isa = PBXFileReference; includeInIndex = 1; lastKnownFileType = sourcecode.swift; name = RootView.swift; path = Views/RootView.swift; sourceTree = "<group>"; };
		49253C3F496D8BA24D7F9D316BDF6319 /* BrandComponents.swift */ = {isa = PBXFileReference; includeInIndex = 1; lastKnownFileType = sourcecode.swift; name = BrandComponents.swift; path = Views/BrandComponents.swift; sourceTree = "<group>"; };
		7108DFF203A8BB40CC6916DAD2A2E3C9 /* Assets.xcassets */ = {isa = PBXFileReference; includeInIndex = 1; lastKnownFileType = folder.assetcatalog; path = Assets.xcassets; sourceTree = "<group>"; };
		75ACDD33807AE6E54A66F91A207EB285 /* Config.plist */ = {isa = PBXFileReference; includeInIndex = 1; lastKnownFileType = text.plist.xml; path = Config.plist; sourceTree = "<group>"; };
		7955C88B6B6A7FC58C9A160DF453FD17 /* Info.plist */ = {isa = PBXFileReference; includeInIndex = 1; lastKnownFileType = text.plist.xml; path = Info.plist; sourceTree = "<group>"; };
		96EB767CA5EAFD65DEA933F29077984E /* NewsListView.swift */ = {isa = PBXFileReference; includeInIndex = 1; lastKnownFileType = sourcecode.swift; name = NewsListView.swift; path = Views/NewsListView.swift; sourceTree = "<group>"; };
		9DBFB5484FE07B9E90C21FE106C90B24 /* Claritas.app */ = {isa = PBXFileReference; explicitFileType = wrapper.application; includeInIndex = 0; path = Claritas.app; sourceTree = BUILT_PRODUCTS_DIR; };
		A1FFF7D243F9EDC00E6CAF0146668596 /* WeatherListView.swift */ = {isa = PBXFileReference; includeInIndex = 1; lastKnownFileType = sourcecode.swift; name = WeatherListView.swift; path = Views/WeatherListView.swift; sourceTree = "<group>"; };
		BBDB337E4843546E88D37A67832797F5 /* LoginView.swift */ = {isa = PBXFileReference; includeInIndex = 1; lastKnownFileType = sourcecode.swift; name = LoginView.swift; path = Views/LoginView.swift; sourceTree = "<group>"; };
		D5EC342EF035DC4652651B32EFA516BD /* Foundation.framework */ = {isa = PBXFileReference; lastKnownFileType = wrapper.framework; name = Foundation.framework; path = Platforms/iPhoneOS.platform/Developer/SDKs/iPhoneOS18.0.sdk/System/Library/Frameworks/Foundation.framework; sourceTree = DEVELOPER_DIR; };
		DB9830F513FF9F8517C3DA121197EE41 /* AuthSessionPresenter.swift */ = {isa = PBXFileReference; includeInIndex = 1; lastKnownFileType = sourcecode.swift; name = AuthSessionPresenter.swift; path = Services/AuthSessionPresenter.swift; sourceTree = "<group>"; };
		DD7E8C6F85C00A156566AD2DD0B910EC /* APIClient.swift */ = {isa = PBXFileReference; includeInIndex = 1; lastKnownFileType = sourcecode.swift; name = APIClient.swift; path = Services/APIClient.swift; sourceTree = "<group>"; };
		E1F9F2763C67F88A7FF7007882DCB883 /* CountryProfileView.swift */ = {isa = PBXFileReference; includeInIndex = 1; lastKnownFileType = sourcecode.swift; name = CountryProfileView.swift; path = Views/CountryProfileView.swift; sourceTree = "<group>"; };
		FD335C6D52EFC86DB6CA9F65E89D8010 /* App.swift */ = {isa = PBXFileReference; includeInIndex = 1; lastKnownFileType = sourcecode.swift; path = App.swift; sourceTree = "<group>"; };
/* End PBXFileReference section */

/* Begin PBXFrameworksBuildPhase section */
		66DB4717C46DBCE1B41C8C3C710F22B4 /* Frameworks */ = {
			isa = PBXFrameworksBuildPhase;
			buildActionMask = 2147483647;
			files = (
				E835BC6EB3EBFF9535D36F9556E1D18B /* Foundation.framework in Frameworks */,
			);
			runOnlyForDeploymentPostprocessing = 0;
		};
/* End PBXFrameworksBuildPhase section */

/* Begin PBXGroup section */
		035F5105932ABCD30239464847D981DB /* Claritas */ = {
			isa = PBXGroup;
			children = (
				FD335C6D52EFC86DB6CA9F65E89D8010 /* App.swift */,
				39BF0BB14373BDA60DE11582C8EF88CE /* AppModel.swift */,
				11FC85CA624E08D251EBB45FA6C43167 /* Models.swift */,
				DD7E8C6F85C00A156566AD2DD0B910EC /* APIClient.swift */,
				DB9830F513FF9F8517C3DA121197EE41 /* AuthSessionPresenter.swift */,
				49253C3F496D8BA24D7F9D316BDF6319 /* BrandComponents.swift */,
				E1F9F2763C67F88A7FF7007882DCB883 /* CountryProfileView.swift */,
				025B9D1FB417221160613FA83E015036 /* DashboardView.swift */,
				BBDB337E4843546E88D37A67832797F5 /* LoginView.swift */,
				96EB767CA5EAFD65DEA933F29077984E /* NewsListView.swift */,
				316A93B6F24247DF833308ADB1127507 /* ProfileView.swift */,
				4103ECB8AC1C8DFFCE679E7C168D9BD3 /* RootView.swift */,
				A1FFF7D243F9EDC00E6CAF0146668596 /* WeatherListView.swift */,
				7108DFF203A8BB40CC6916DAD2A2E3C9 /* Assets.xcassets */,
				75ACDD33807AE6E54A66F91A207EB285 /* Config.plist */,
				7955C88B6B6A7FC58C9A160DF453FD17 /* Info.plist */,
			);
			name = Claritas;
			sourceTree = "<group>";
		};
		23A05AC7CA29CD384F4751AFA273798E /* Frameworks */ = {
			isa = PBXGroup;
			children = (
				B0501A2715FF97497946122ABA6B579C /* iOS */,
			);
			name = Frameworks;
			sourceTree = "<group>";
		};
		3C921B4BDDEDBAB65A6ED04E9C1F25CC = {
			isa = PBXGroup;
			children = (
				914A8EF40B161A553D18F5C99645F520 /* Products */,
				23A05AC7CA29CD384F4751AFA273798E /* Frameworks */,
				035F5105932ABCD30239464847D981DB /* Claritas */,
			);
			sourceTree = "<group>";
		};
		914A8EF40B161A553D18F5C99645F520 /* Products */ = {
			isa = PBXGroup;
			children = (
				9DBFB5484FE07B9E90C21FE106C90B24 /* Claritas.app */,
			);
			name = Products;
			sourceTree = "<group>";
		};
		B0501A2715FF97497946122ABA6B579C /* iOS */ = {
			isa = PBXGroup;
			children = (
				D5EC342EF035DC4652651B32EFA516BD /* Foundation.framework */,
			);
			name = iOS;
			sourceTree = "<group>";
		};
/* End PBXGroup section */

/* Begin PBXNativeTarget section */
		E899BEF4ADF4D406FE0534864D09E33A /* Claritas */ = {
			isa = PBXNativeTarget;
			buildConfigurationList = 4AF2FA5BEEA5CC77A6BE5B3FC6B47438 /* Build configuration list for PBXNativeTarget "Claritas" */;
			buildPhases = (
				F6AFF2F5B4FE8264CF92BD5EF0EB7810 /* Sources */,
				66DB4717C46DBCE1B41C8C3C710F22B4 /* Frameworks */,
				53EFD297B476F2FE6962D7AC9868FF27 /* Resources */,
			);
			buildRules = (
			);
			dependencies = (
			);
			name = Claritas;
			productName = Claritas;
			productReference = 9DBFB5484FE07B9E90C21FE106C90B24 /* Claritas.app */;
			productType = "com.apple.product-type.application";
		};
/* End PBXNativeTarget section */

/* Begin PBXProject section */
		091CD28EDF15F9A5AB3B4B1F52E047D0 /* Project object */ = {
			isa = PBXProject;
			attributes = {
				LastSwiftUpdateCheck = 1600;
				LastUpgradeCheck = 1600;
			};
			buildConfigurationList = AA4644DE9B39D6E54D2F2942360E3D30 /* Build configuration list for PBXProject "Claritas" */;
			compatibilityVersion = "Xcode 3.2";
			developmentRegion = en;
			hasScannedForEncodings = 0;
			knownRegions = (
				en,
				Base,
			);
			mainGroup = 3C921B4BDDEDBAB65A6ED04E9C1F25CC;
			minimizedProjectReferenceProxies = 0;
			preferredProjectObjectVersion = 77;
			productRefGroup = 914A8EF40B161A553D18F5C99645F520 /* Products */;
			projectDirPath = "";
			projectRoot = "";
			targets = (
				E899BEF4ADF4D406FE0534864D09E33A /* Claritas */,
			);
		};
/* End PBXProject section */

/* Begin PBXResourcesBuildPhase section */
		53EFD297B476F2FE6962D7AC9868FF27 /* Resources */ = {
			isa = PBXResourcesBuildPhase;
			buildActionMask = 2147483647;
			files = (
				EF258CA8055A5119D358157A263728F7 /* Assets.xcassets in Resources */,
				1F178FB32B3B18405CBE4FF9E9C19012 /* Config.plist in Resources */,
			);
			runOnlyForDeploymentPostprocessing = 0;
		};
/* End PBXResourcesBuildPhase section */

/* Begin PBXSourcesBuildPhase section */
		F6AFF2F5B4FE8264CF92BD5EF0EB7810 /* Sources */ = {
			isa = PBXSourcesBuildPhase;
			buildActionMask = 2147483647;
			files = (
				94E96D0D838D407D7AB1B1977911220E /* App.swift in Sources */,
				00A387168784B0E04067B80EDE530CC9 /* AppModel.swift in Sources */,
				EBDFF906C8EF7867E3B2E7752F9F49C7 /* Models.swift in Sources */,
				E6F006A6BFDEBB8E52AF25BD8FA6F04F /* APIClient.swift in Sources */,
				7A188D806AF1E1B89B2758FF5938A27A /* AuthSessionPresenter.swift in Sources */,
				233C9903BDF8C2AD9264C07CD61673D0 /* BrandComponents.swift in Sources */,
				14607786ACF459EC02AA89E9F880AD56 /* CountryProfileView.swift in Sources */,
				5E1FBC583F5D74BC957944C11C7F54C3 /* DashboardView.swift in Sources */,
				707F02CD3C89C6B853E3E6E016257D7C /* LoginView.swift in Sources */,
				AC6902DA6CC9BC376914779C51E154A8 /* NewsListView.swift in Sources */,
				D5B578555497A12CC4E9A3B51929E5A8 /* ProfileView.swift in Sources */,
				3D6710AAB535F80E38D7B4A43F495CEA /* RootView.swift in Sources */,
				A53D911CA7A697DA4D6D73C97B79ACC6 /* WeatherListView.swift in Sources */,
			);
			runOnlyForDeploymentPostprocessing = 0;
		};
/* End PBXSourcesBuildPhase section */

/* Begin XCBuildConfiguration section */
		11D389FA05C1DEBFEFB49060E6F65D52 /* Release */ = {
			isa = XCBuildConfiguration;
			buildSettings = {
				ALWAYS_SEARCH_USER_PATHS = NO;
				CLANG_ANALYZER_NONNULL = YES;
				CLANG_ANALYZER_NUMBER_OBJECT_CONVERSION = YES_AGGRESSIVE;
				CLANG_CXX_LANGUAGE_STANDARD = "gnu++14";
				CLANG_CXX_LIBRARY = "libc++";
				CLANG_ENABLE_MODULES = YES;
				CLANG_ENABLE_OBJC_ARC = YES;
				CLANG_ENABLE_OBJC_WEAK = YES;
				CLANG_WARN_BLOCK_CAPTURE_AUTORELEASING = YES;
				CLANG_WARN_BOOL_CONVERSION = YES;
				CLANG_WARN_COMMA = YES;
				CLANG_WARN_CONSTANT_CONVERSION = YES;
				CLANG_WARN_DEPRECATED_OBJC_IMPLEMENTATIONS = YES;
				CLANG_WARN_DIRECT_OBJC_ISA_USAGE = YES_ERROR;
				CLANG_WARN_DOCUMENTATION_COMMENTS = YES;
				CLANG_WARN_EMPTY_BODY = YES;
				CLANG_WARN_ENUM_CONVERSION = YES;
				CLANG_WARN_INFINITE_RECURSION = YES;
				CLANG_WARN_INT_CONVERSION = YES;
				CLANG_WARN_NON_LITERAL_NULL_CONVERSION = YES;
				CLANG_WARN_OBJC_IMPLICIT_RETAIN_SELF = YES;
				CLANG_WARN_OBJC_LITERAL_CONVERSION = YES;
				CLANG_WARN_OBJC_ROOT_CLASS = YES_ERROR;
				CLANG_WARN_QUOTED_INCLUDE_IN_FRAMEWORK_HEADER = YES;
				CLANG_WARN_RANGE_LOOP_ANALYSIS = YES;
				CLANG_WARN_STRICT_PROTOTYPES = YES;
				CLANG_WARN_SUSPICIOUS_MOVE = YES;
				CLANG_WARN_UNGUARDED_AVAILABILITY = YES_AGGRESSIVE;
				CLANG_WARN_UNREACHABLE_CODE = YES;
				CLANG_WARN__DUPLICATE_METHOD_MATCH = YES;
				COPY_PHASE_STRIP = NO;
				DEBUG_INFORMATION_FORMAT = "dwarf-with-dsym";
				ENABLE_NS_ASSERTIONS = NO;
				ENABLE_STRICT_OBJC_MSGSEND = YES;
				GCC_C_LANGUAGE_STANDARD = gnu11;
				GCC_NO_COMMON_BLOCKS = YES;
				GCC_WARN_64_TO_32_BIT_CONVERSION = YES;
				GCC_WARN_ABOUT_RETURN_TYPE = YES_ERROR;
				GCC_WARN_UNDECLARED_SELECTOR = YES;
				GCC_WARN_UNINITIALIZED_AUTOS = YES_AGGRESSIVE;
				GCC_WARN_UNUSED_FUNCTION = YES;
				GCC_WARN_UNUSED_VARIABLE = YES;
				MTL_ENABLE_DEBUG_INFO = NO;
				MTL_FAST_MATH = YES;
				PRODUCT_NAME = "$(TARGET_NAME)";
				SWIFT_COMPILATION_MODE = wholemodule;
				SWIFT_OPTIMIZATION_LEVEL = "-O";
				SWIFT_VERSION = 5.0;
			};
			name = Release;
		};
		361C662524A03D028320CD36060CD645 /* Debug */ = {
			isa = XCBuildConfiguration;
			buildSettings = {
				ALWAYS_SEARCH_USER_PATHS = NO;
				CLANG_ANALYZER_NONNULL = YES;
				CLANG_ANALYZER_NUMBER_OBJECT_CONVERSION = YES_AGGRESSIVE;
				CLANG_CXX_LANGUAGE_STANDARD = "gnu++14";
				CLANG_CXX_LIBRARY = "libc++";
				CLANG_ENABLE_MODULES = YES;
				CLANG_ENABLE_OBJC_ARC = YES;
				CLANG_ENABLE_OBJC_WEAK = YES;
				CLANG_WARN_BLOCK_CAPTURE_AUTORELEASING = YES;
				CLANG_WARN_BOOL_CONVERSION = YES;
				CLANG_WARN_COMMA = YES;
				CLANG_WARN_CONSTANT_CONVERSION = YES;
				CLANG_WARN_DEPRECATED_OBJC_IMPLEMENTATIONS = YES;
				CLANG_WARN_DIRECT_OBJC_ISA_USAGE = YES_ERROR;
				CLANG_WARN_DOCUMENTATION_COMMENTS = YES;
				CLANG_WARN_EMPTY_BODY = YES;
				CLANG_WARN_ENUM_CONVERSION = YES;
				CLANG_WARN_INFINITE_RECURSION = YES;
				CLANG_WARN_INT_CONVERSION = YES;
				CLANG_WARN_NON_LITERAL_NULL_CONVERSION = YES;
				CLANG_WARN_OBJC_IMPLICIT_RETAIN_SELF = YES;
				CLANG_WARN_OBJC_LITERAL_CONVERSION = YES;
				CLANG_WARN_OBJC_ROOT_CLASS = YES_ERROR;
				CLANG_WARN_QUOTED_INCLUDE_IN_FRAMEWORK_HEADER = YES;
				CLANG_WARN_RANGE_LOOP_ANALYSIS = YES;
				CLANG_WARN_STRICT_PROTOTYPES = YES;
				CLANG_WARN_SUSPICIOUS_MOVE = YES;
				CLANG_WARN_UNGUARDED_AVAILABILITY = YES_AGGRESSIVE;
				CLANG_WARN_UNREACHABLE_CODE = YES;
				CLANG_WARN__DUPLICATE_METHOD_MATCH = YES;
				COPY_PHASE_STRIP = NO;
				DEBUG_INFORMATION_FORMAT = dwarf;
				ENABLE_STRICT_OBJC_MSGSEND = YES;
				ENABLE_TESTABILITY = YES;
				GCC_C_LANGUAGE_STANDARD = gnu11;
				GCC_DYNAMIC_NO_PIC = NO;
				GCC_NO_COMMON_BLOCKS = YES;
				GCC_OPTIMIZATION_LEVEL = 0;
				GCC_PREPROCESSOR_DEFINITIONS = (
					"DEBUG=1",
					"$(inherited)",
				);
				GCC_WARN_64_TO_32_BIT_CONVERSION = YES;
				GCC_WARN_ABOUT_RETURN_TYPE = YES_ERROR;
				GCC_WARN_UNDECLARED_SELECTOR = YES;
				GCC_WARN_UNINITIALIZED_AUTOS = YES_AGGRESSIVE;
				GCC_WARN_UNUSED_FUNCTION = YES;
				GCC_WARN_UNUSED_VARIABLE = YES;
				MTL_ENABLE_DEBUG_INFO = INCLUDE_SOURCE;
				MTL_FAST_MATH = YES;
				ONLY_ACTIVE_ARCH = YES;
				PRODUCT_NAME = "$(TARGET_NAME)";
				SWIFT_ACTIVE_COMPILATION_CONDITIONS = DEBUG;
				SWIFT_OPTIMIZATION_LEVEL = "-Onone";
				SWIFT_VERSION = 5.0;
			};
			name = Debug;
		};
		836725377837A5DA085D625EAF9DF77A /* Release */ = {
			isa = XCBuildConfiguration;
			buildSettings = {
				ASSETCATALOG_COMPILER_APPICON_NAME = AppIcon;
				ASSETCATALOG_COMPILER_GLOBAL_ACCENT_COLOR_NAME = AccentColor;
				CLANG_ENABLE_OBJC_WEAK = NO;
				CODE_SIGN_STYLE = Automatic;
				CURRENT_PROJECT_VERSION = 1;
				DEVELOPMENT_TEAM = "";
				INFOPLIST_FILE = Claritas/Info.plist;
				IPHONEOS_DEPLOYMENT_TARGET = 16.0;
				LD_RUNPATH_SEARCH_PATHS = "$(inherited) @executable_path/Frameworks";
				MARKETING_VERSION = 1.0;
				PRODUCT_BUNDLE_IDENTIFIER = com.eojgroup.claritas;
				SDKROOT = iphoneos;
				SWIFT_VERSION = 5.0;
				TARGETED_DEVICE_FAMILY = "1,2";
				UIApplicationSceneManifest = "";
				VALIDATE_PRODUCT = YES;
			};
			name = Release;
		};
		D96F2831A9869F75FC431DE1C8B82597 /* Debug */ = {
			isa = XCBuildConfiguration;
			buildSettings = {
				ASSETCATALOG_COMPILER_APPICON_NAME = AppIcon;
				ASSETCATALOG_COMPILER_GLOBAL_ACCENT_COLOR_NAME = AccentColor;
				CLANG_ENABLE_OBJC_WEAK = NO;
				CODE_SIGN_STYLE = Automatic;
				CURRENT_PROJECT_VERSION = 1;
				DEVELOPMENT_TEAM = "";
				INFOPLIST_FILE = Claritas/Info.plist;
				IPHONEOS_DEPLOYMENT_TARGET = 16.0;
				LD_RUNPATH_SEARCH_PATHS = "$(inherited) @executable_path/Frameworks";
				MARKETING_VERSION = 1.0;
				PRODUCT_BUNDLE_IDENTIFIER = com.eojgroup.claritas;
				SDKROOT = iphoneos;
				SWIFT_VERSION = 5.0;
				TARGETED_DEVICE_FAMILY = "1,2";
				UIApplicationSceneManifest = "";
			};
			name = Debug;
		};
/* End XCBuildConfiguration section */

/* Begin XCConfigurationList section */
		4AF2FA5BEEA5CC77A6BE5B3FC6B47438 /* Build configuration list for PBXNativeTarget "Claritas" */ = {
			isa = XCConfigurationList;
			buildConfigurations = (
				836725377837A5DA085D625EAF9DF77A /* Release */,
				D96F2831A9869F75FC431DE1C8B82597 /* Debug */,
			);
			defaultConfigurationIsVisible = 0;
			defaultConfigurationName = Release;
		};
		AA4644DE9B39D6E54D2F2942360E3D30 /* Build configuration list for PBXProject "Claritas" */ = {
			isa = XCConfigurationList;
			buildConfigurations = (
				361C662524A03D028320CD36060CD645 /* Debug */,
				11D389FA05C1DEBFEFB49060E6F65D52 /* Release */,
			);
			defaultConfigurationIsVisible = 0;
			defaultConfigurationName = Release;
		};
/* End XCConfigurationList section */
	};
	rootObject = 091CD28EDF15F9A5AB3B4B1F52E047D0 /* Project object */;
}
